// !$*UTF8*$!
{
	archiveVersion = 1;
	classes = {
	};
	objectVersion = 46;
	objects = {

/* Begin PBXBuildFile section */
		524DEA5B1A7B0E26009A2EDC /* main.m in Sources */ = {isa = PBXBuildFile; fileRef = 524DEA5A1A7B0E26009A2EDC /* main.m */; };
		524DEA5E1A7B0E26009A2EDC /* AppDelegate.m in Sources */ = {isa = PBXBuildFile; fileRef = 524DEA5D1A7B0E26009A2EDC /* AppDelegate.m */; };
		524DEA611A7B0E26009A2EDC /* ViewController.m in Sources */ = {isa = PBXBuildFile; fileRef = 524DEA601A7B0E26009A2EDC /* ViewController.m */; };
		524DEA641A7B0E26009A2EDC /* Main.storyboard in Resources */ = {isa = PBXBuildFile; fileRef = 524DEA621A7B0E26009A2EDC /* Main.storyboard */; };
		524DEA661A7B0E26009A2EDC /* Images.xcassets in Resources */ = {isa = PBXBuildFile; fileRef = 524DEA651A7B0E26009A2EDC /* Images.xcassets */; };
		524DEA691A7B0E26009A2EDC /* LaunchScreen.xib in Resources */ = {isa = PBXBuildFile; fileRef = 524DEA671A7B0E26009A2EDC /* LaunchScreen.xib */; };
		524DEA751A7B0E27009A2EDC /* TinyShiftsTests.m in Sources */ = {isa = PBXBuildFile; fileRef = 524DEA741A7B0E27009A2EDC /* TinyShiftsTests.m */; };
		524DEA831A7B128D009A2EDC /* tabbaritemIcon_About.png in Resources */ = {isa = PBXBuildFile; fileRef = 524DEA7E1A7B128D009A2EDC /* tabbaritemIcon_About.png */; };
		524DEA841A7B128D009A2EDC /* tabbaritemIcon_Contact.png in Resources */ = {isa = PBXBuildFile; fileRef = 524DEA7F1A7B128D009A2EDC /* tabbaritemIcon_Contact.png */; };
		524DEA851A7B128D009A2EDC /* tabbaritemIcon_Main.png in Resources */ = {isa = PBXBuildFile; fileRef = 524DEA801A7B128D009A2EDC /* tabbaritemIcon_Main.png */; };
		524DEA861A7B128D009A2EDC /* tabbaritemIcon_Settings.png in Resources */ = {isa = PBXBuildFile; fileRef = 524DEA811A7B128D009A2EDC /* tabbaritemIcon_Settings.png */; };
		524DEA871A7B128D009A2EDC /* tabbaritemIcon_Videos.png in Resources */ = {isa = PBXBuildFile; fileRef = 524DEA821A7B128D009A2EDC /* tabbaritemIcon_Videos.png */; };
		524DEA8A1A7B150F009A2EDC /* IconLogo_dkblue_205_235_252.png in Resources */ = {isa = PBXBuildFile; fileRef = 524DEA881A7B150F009A2EDC /* IconLogo_dkblue_205_235_252.png */; };
		524DEA8B1A7B150F009A2EDC /* TextLogo_dkblue_205_235_252.png in Resources */ = {isa = PBXBuildFile; fileRef = 524DEA891A7B150F009A2EDC /* TextLogo_dkblue_205_235_252.png */; };
		52761E481A882D000018E877 /* BaselineSurvey.storyboard in Resources */ = {isa = PBXBuildFile; fileRef = 52761E471A882D000018E877 /* BaselineSurvey.storyboard */; };
/* End PBXBuildFile section */

/* Begin PBXContainerItemProxy section */
		524DEA6F1A7B0E27009A2EDC /* PBXContainerItemProxy */ = {
			isa = PBXContainerItemProxy;
			containerPortal = 524DEA4D1A7B0E26009A2EDC /* Project object */;
			proxyType = 1;
			remoteGlobalIDString = 524DEA541A7B0E26009A2EDC;
			remoteInfo = TinyShifts;
		};
/* End PBXContainerItemProxy section */

/* Begin PBXFileReference section */
		524DEA551A7B0E26009A2EDC /* TinyShifts.app */ = {isa = PBXFileReference; explicitFileType = wrapper.application; includeInIndex = 0; path = TinyShifts.app; sourceTree = BUILT_PRODUCTS_DIR; };
		524DEA591A7B0E26009A2EDC /* Info.plist */ = {isa = PBXFileReference; lastKnownFileType = text.plist.xml; path = Info.plist; sourceTree = "<group>"; };
		524DEA5A1A7B0E26009A2EDC /* main.m */ = {isa = PBXFileReference; lastKnownFileType = sourcecode.c.objc; path = main.m; sourceTree = "<group>"; };
		524DEA5C1A7B0E26009A2EDC /* AppDelegate.h */ = {isa = PBXFileReference; lastKnownFileType = sourcecode.c.h; path = AppDelegate.h; sourceTree = "<group>"; };
		524DEA5D1A7B0E26009A2EDC /* AppDelegate.m */ = {isa = PBXFileReference; lastKnownFileType = sourcecode.c.objc; path = AppDelegate.m; sourceTree = "<group>"; };
		524DEA5F1A7B0E26009A2EDC /* ViewController.h */ = {isa = PBXFileReference; lastKnownFileType = sourcecode.c.h; path = ViewController.h; sourceTree = "<group>"; };
		524DEA601A7B0E26009A2EDC /* ViewController.m */ = {isa = PBXFileReference; lastKnownFileType = sourcecode.c.objc; path = ViewController.m; sourceTree = "<group>"; };
		524DEA631A7B0E26009A2EDC /* Base */ = {isa = PBXFileReference; lastKnownFileType = file.storyboard; name = Base; path = Base.lproj/Main.storyboard; sourceTree = "<group>"; };
		524DEA651A7B0E26009A2EDC /* Images.xcassets */ = {isa = PBXFileReference; lastKnownFileType = folder.assetcatalog; path = Images.xcassets; sourceTree = "<group>"; };
		524DEA681A7B0E26009A2EDC /* Base */ = {isa = PBXFileReference; lastKnownFileType = file.xib; name = Base; path = Base.lproj/LaunchScreen.xib; sourceTree = "<group>"; };
		524DEA6E1A7B0E27009A2EDC /* TinyShiftsTests.xctest */ = {isa = PBXFileReference; explicitFileType = wrapper.cfbundle; includeInIndex = 0; path = TinyShiftsTests.xctest; sourceTree = BUILT_PRODUCTS_DIR; };
		524DEA731A7B0E27009A2EDC /* Info.plist */ = {isa = PBXFileReference; lastKnownFileType = text.plist.xml; path = Info.plist; sourceTree = "<group>"; };
		524DEA741A7B0E27009A2EDC /* TinyShiftsTests.m */ = {isa = PBXFileReference; lastKnownFileType = sourcecode.c.objc; path = TinyShiftsTests.m; sourceTree = "<group>"; };
		524DEA7E1A7B128D009A2EDC /* tabbaritemIcon_About.png */ = {isa = PBXFileReference; lastKnownFileType = image.png; path = tabbaritemIcon_About.png; sourceTree = "<group>"; };
		524DEA7F1A7B128D009A2EDC /* tabbaritemIcon_Contact.png */ = {isa = PBXFileReference; lastKnownFileType = image.png; path = tabbaritemIcon_Contact.png; sourceTree = "<group>"; };
		524DEA801A7B128D009A2EDC /* tabbaritemIcon_Main.png */ = {isa = PBXFileReference; lastKnownFileType = image.png; path = tabbaritemIcon_Main.png; sourceTree = "<group>"; };
		524DEA811A7B128D009A2EDC /* tabbaritemIcon_Settings.png */ = {isa = PBXFileReference; lastKnownFileType = image.png; path = tabbaritemIcon_Settings.png; sourceTree = "<group>"; };
		524DEA821A7B128D009A2EDC /* tabbaritemIcon_Videos.png */ = {isa = PBXFileReference; lastKnownFileType = image.png; path = tabbaritemIcon_Videos.png; sourceTree = "<group>"; };
		524DEA881A7B150F009A2EDC /* IconLogo_dkblue_205_235_252.png */ = {isa = PBXFileReference; lastKnownFileType = image.png; path = IconLogo_dkblue_205_235_252.png; sourceTree = "<group>"; };
		524DEA891A7B150F009A2EDC /* TextLogo_dkblue_205_235_252.png */ = {isa = PBXFileReference; lastKnownFileType = image.png; path = TextLogo_dkblue_205_235_252.png; sourceTree = "<group>"; };
		52761E471A882D000018E877 /* BaselineSurvey.storyboard */ = {isa = PBXFileReference; fileEncoding = 4; lastKnownFileType = file.storyboard; path = BaselineSurvey.storyboard; sourceTree = "<group>"; };
/* End PBXFileReference section */

/* Begin PBXFrameworksBuildPhase section */
		524DEA521A7B0E26009A2EDC /* Frameworks */ = {
			isa = PBXFrameworksBuildPhase;
			buildActionMask = 2147483647;
			files = (
			);
			runOnlyForDeploymentPostprocessing = 0;
		};
		524DEA6B1A7B0E27009A2EDC /* Frameworks */ = {
			isa = PBXFrameworksBuildPhase;
			buildActionMask = 2147483647;
			files = (
			);
			runOnlyForDeploymentPostprocessing = 0;
		};
/* End PBXFrameworksBuildPhase section */

/* Begin PBXGroup section */
		524DEA4C1A7B0E26009A2EDC = {
			isa = PBXGroup;
			children = (
				524DEA571A7B0E26009A2EDC /* TinyShifts */,
				524DEA711A7B0E27009A2EDC /* TinyShiftsTests */,
				524DEA561A7B0E26009A2EDC /* Products */,
			);
			sourceTree = "<group>";
		};
		524DEA561A7B0E26009A2EDC /* Products */ = {
			isa = PBXGroup;
			children = (
				524DEA551A7B0E26009A2EDC /* TinyShifts.app */,
				524DEA6E1A7B0E27009A2EDC /* TinyShiftsTests.xctest */,
			);
			name = Products;
			sourceTree = "<group>";
		};
		524DEA571A7B0E26009A2EDC /* TinyShifts */ = {
			isa = PBXGroup;
			children = (
				524DEA881A7B150F009A2EDC /* IconLogo_dkblue_205_235_252.png */,
				524DEA891A7B150F009A2EDC /* TextLogo_dkblue_205_235_252.png */,
				524DEA7E1A7B128D009A2EDC /* tabbaritemIcon_About.png */,
				524DEA7F1A7B128D009A2EDC /* tabbaritemIcon_Contact.png */,
				524DEA801A7B128D009A2EDC /* tabbaritemIcon_Main.png */,
				524DEA811A7B128D009A2EDC /* tabbaritemIcon_Settings.png */,
				524DEA821A7B128D009A2EDC /* tabbaritemIcon_Videos.png */,
				524DEA5C1A7B0E26009A2EDC /* AppDelegate.h */,
				524DEA5D1A7B0E26009A2EDC /* AppDelegate.m */,
				524DEA5F1A7B0E26009A2EDC /* ViewController.h */,
				524DEA601A7B0E26009A2EDC /* ViewController.m */,
				524DEA621A7B0E26009A2EDC /* Main.storyboard */,
				524DEA651A7B0E26009A2EDC /* Images.xcassets */,
				524DEA671A7B0E26009A2EDC /* LaunchScreen.xib */,
				524DEA581A7B0E26009A2EDC /* Supporting Files */,
				52761E471A882D000018E877 /* BaselineSurvey.storyboard */,
			);
			path = TinyShifts;
			sourceTree = "<group>";
		};
		524DEA581A7B0E26009A2EDC /* Supporting Files */ = {
			isa = PBXGroup;
			children = (
				524DEA591A7B0E26009A2EDC /* Info.plist */,
				524DEA5A1A7B0E26009A2EDC /* main.m */,
			);
			name = "Supporting Files";
			sourceTree = "<group>";
		};
		524DEA711A7B0E27009A2EDC /* TinyShiftsTests */ = {
			isa = PBXGroup;
			children = (
				524DEA741A7B0E27009A2EDC /* TinyShiftsTests.m */,
				524DEA721A7B0E27009A2EDC /* Supporting Files */,
			);
			path = TinyShiftsTests;
			sourceTree = "<group>";
		};
		524DEA721A7B0E27009A2EDC /* Supporting Files */ = {
			isa = PBXGroup;
			children = (
				524DEA731A7B0E27009A2EDC /* Info.plist */,
			);
			name = "Supporting Files";
			sourceTree = "<group>";
		};
/* End PBXGroup section */

/* Begin PBXNativeTarget section */
		524DEA541A7B0E26009A2EDC /* TinyShifts */ = {
			isa = PBXNativeTarget;
			buildConfigurationList = 524DEA781A7B0E27009A2EDC /* Build configuration list for PBXNativeTarget "TinyShifts" */;
			buildPhases = (
				524DEA511A7B0E26009A2EDC /* Sources */,
				524DEA521A7B0E26009A2EDC /* Frameworks */,
				524DEA531A7B0E26009A2EDC /* Resources */,
			);
			buildRules = (
			);
			dependencies = (
			);
			name = TinyShifts;
			productName = TinyShifts;
			productReference = 524DEA551A7B0E26009A2EDC /* TinyShifts.app */;
			productType = "com.apple.product-type.application";
		};
		524DEA6D1A7B0E27009A2EDC /* TinyShiftsTests */ = {
			isa = PBXNativeTarget;
			buildConfigurationList = 524DEA7B1A7B0E27009A2EDC /* Build configuration list for PBXNativeTarget "TinyShiftsTests" */;
			buildPhases = (
				524DEA6A1A7B0E27009A2EDC /* Sources */,
				524DEA6B1A7B0E27009A2EDC /* Frameworks */,
				524DEA6C1A7B0E27009A2EDC /* Resources */,
			);
			buildRules = (
			);
			dependencies = (
				524DEA701A7B0E27009A2EDC /* PBXTargetDependency */,
			);
			name = TinyShiftsTests;
			productName = TinyShiftsTests;
			productReference = 524DEA6E1A7B0E27009A2EDC /* TinyShiftsTests.xctest */;
			productType = "com.apple.product-type.bundle.unit-test";
		};
/* End PBXNativeTarget section */

/* Begin PBXProject section */
		524DEA4D1A7B0E26009A2EDC /* Project object */ = {
			isa = PBXProject;
			attributes = {
				LastUpgradeCheck = 0610;
				ORGANIZATIONNAME = "Gurmentor Inc.";
				TargetAttributes = {
					524DEA541A7B0E26009A2EDC = {
						CreatedOnToolsVersion = 6.1.1;
					};
					524DEA6D1A7B0E27009A2EDC = {
						CreatedOnToolsVersion = 6.1.1;
						TestTargetID = 524DEA541A7B0E26009A2EDC;
					};
				};
			};
			buildConfigurationList = 524DEA501A7B0E26009A2EDC /* Build configuration list for PBXProject "TinyShifts" */;
			compatibilityVersion = "Xcode 3.2";
			developmentRegion = English;
			hasScannedForEncodings = 0;
			knownRegions = (
				en,
				Base,
			);
			mainGroup = 524DEA4C1A7B0E26009A2EDC;
			productRefGroup = 524DEA561A7B0E26009A2EDC /* Products */;
			projectDirPath = "";
			projectRoot = "";
			targets = (
				524DEA541A7B0E26009A2EDC /* TinyShifts */,
				524DEA6D1A7B0E27009A2EDC /* TinyShiftsTests */,
			);
		};
/* End PBXProject section */

/* Begin PBXResourcesBuildPhase section */
		524DEA531A7B0E26009A2EDC /* Resources */ = {
			isa = PBXResourcesBuildPhase;
			buildActionMask = 2147483647;
			files = (
				524DEA851A7B128D009A2EDC /* tabbaritemIcon_Main.png in Resources */,
				524DEA871A7B128D009A2EDC /* tabbaritemIcon_Videos.png in Resources */,
				524DEA641A7B0E26009A2EDC /* Main.storyboard in Resources */,
				524DEA861A7B128D009A2EDC /* tabbaritemIcon_Settings.png in Resources */,
				524DEA8A1A7B150F009A2EDC /* IconLogo_dkblue_205_235_252.png in Resources */,
				524DEA831A7B128D009A2EDC /* tabbaritemIcon_About.png in Resources */,
				524DEA841A7B128D009A2EDC /* tabbaritemIcon_Contact.png in Resources */,
				524DEA8B1A7B150F009A2EDC /* TextLogo_dkblue_205_235_252.png in Resources */,
				524DEA691A7B0E26009A2EDC /* LaunchScreen.xib in Resources */,
				524DEA661A7B0E26009A2EDC /* Images.xcassets in Resources */,
				52761E481A882D000018E877 /* BaselineSurvey.storyboard in Resources */,
			);
			runOnlyForDeploymentPostprocessing = 0;
		};
		524DEA6C1A7B0E27009A2EDC /* Resources */ = {
			isa = PBXResourcesBuildPhase;
			buildActionMask = 2147483647;
			files = (
			);
			runOnlyForDeploymentPostprocessing = 0;
		};
/* End PBXResourcesBuildPhase section */

/* Begin PBXSourcesBuildPhase section */
		524DEA511A7B0E26009A2EDC /* Sources */ = {
			isa = PBXSourcesBuildPhase;
			buildActionMask = 2147483647;
			files = (
				524DEA611A7B0E26009A2EDC /* ViewController.m in Sources */,
				524DEA5E1A7B0E26009A2EDC /* AppDelegate.m in Sources */,
				524DEA5B1A7B0E26009A2EDC /* main.m in Sources */,
			);
			runOnlyForDeploymentPostprocessing = 0;
		};
		524DEA6A1A7B0E27009A2EDC /* Sources */ = {
			isa = PBXSourcesBuildPhase;
			buildActionMask = 2147483647;
			files = (
				524DEA751A7B0E27009A2EDC /* TinyShiftsTests.m in Sources */,
			);
			runOnlyForDeploymentPostprocessing = 0;
		};
/* End PBXSourcesBuildPhase section */

/* Begin PBXTargetDependency section */
		524DEA701A7B0E27009A2EDC /* PBXTargetDependency */ = {
			isa = PBXTargetDependency;
			target = 524DEA541A7B0E26009A2EDC /* TinyShifts */;
			targetProxy = 524DEA6F1A7B0E27009A2EDC /* PBXContainerItemProxy */;
		};
/* End PBXTargetDependency section */

/* Begin PBXVariantGroup section */
		524DEA621A7B0E26009A2EDC /* Main.storyboard */ = {
			isa = PBXVariantGroup;
			children = (
				524DEA631A7B0E26009A2EDC /* Base */,
			);
			name = Main.storyboard;
			sourceTree = "<group>";
		};
		524DEA671A7B0E26009A2EDC /* LaunchScreen.xib */ = {
			isa = PBXVariantGroup;
			children = (
				524DEA681A7B0E26009A2EDC /* Base */,
			);
			name = LaunchScreen.xib;
			sourceTree = "<group>";
		};
/* End PBXVariantGroup section */

/* Begin XCBuildConfiguration section */
		524DEA761A7B0E27009A2EDC /* Debug */ = {
			isa = XCBuildConfiguration;
			buildSettings = {
				ALWAYS_SEARCH_USER_PATHS = NO;
				CLANG_CXX_LANGUAGE_STANDARD = "gnu++0x";
				CLANG_CXX_LIBRARY = "libc++";
				CLANG_ENABLE_MODULES = YES;
				CLANG_ENABLE_OBJC_ARC = YES;
				CLANG_WARN_BOOL_CONVERSION = YES;
				CLANG_WARN_CONSTANT_CONVERSION = YES;
				CLANG_WARN_DIRECT_OBJC_ISA_USAGE = YES_ERROR;
				CLANG_WARN_EMPTY_BODY = YES;
				CLANG_WARN_ENUM_CONVERSION = YES;
				CLANG_WARN_INT_CONVERSION = YES;
				CLANG_WARN_OBJC_ROOT_CLASS = YES_ERROR;
				CLANG_WARN_UNREACHABLE_CODE = YES;
				CLANG_WARN__DUPLICATE_METHOD_MATCH = YES;
				"CODE_SIGN_IDENTITY[sdk=iphoneos*]" = "iPhone Developer";
				COPY_PHASE_STRIP = NO;
				ENABLE_STRICT_OBJC_MSGSEND = YES;
				GCC_C_LANGUAGE_STANDARD = gnu99;
				GCC_DYNAMIC_NO_PIC = NO;
				GCC_OPTIMIZATION_LEVEL = 0;
				GCC_PREPROCESSOR_DEFINITIONS = (
					"DEBUG=1",
					"$(inherited)",
				);
				GCC_SYMBOLS_PRIVATE_EXTERN = NO;
				GCC_WARN_64_TO_32_BIT_CONVERSION = YES;
				GCC_WARN_ABOUT_RETURN_TYPE = YES_ERROR;
				GCC_WARN_UNDECLARED_SELECTOR = YES;
				GCC_WARN_UNINITIALIZED_AUTOS = YES_AGGRESSIVE;
				GCC_WARN_UNUSED_FUNCTION = YES;
				GCC_WARN_UNUSED_VARIABLE = YES;
				IPHONEOS_DEPLOYMENT_TARGET = 8.1;
				MTL_ENABLE_DEBUG_INFO = YES;
				ONLY_ACTIVE_ARCH = YES;
				SDKROOT = iphoneos;
			};
			name = Debug;
		};
		524DEA771A7B0E27009A2EDC /* Release */ = {
			isa = XCBuildConfiguration;
			buildSettings = {
				ALWAYS_SEARCH_USER_PATHS = NO;
				CLANG_CXX_LANGUAGE_STANDARD = "gnu++0x";
				CLANG_CXX_LIBRARY = "libc++";
				CLANG_ENABLE_MODULES = YES;
				CLANG_ENABLE_OBJC_ARC = YES;
				CLANG_WARN_BOOL_CONVERSION = YES;
				CLANG_WARN_CONSTANT_CONVERSION = YES;
				CLANG_WARN_DIRECT_OBJC_ISA_USAGE = YES_ERROR;
				CLANG_WARN_EMPTY_BODY = YES;
				CLANG_WARN_ENUM_CONVERSION = YES;
				CLANG_WARN_INT_CONVERSION = YES;
				CLANG_WARN_OBJC_ROOT_CLASS = YES_ERROR;
				CLANG_WARN_UNREACHABLE_CODE = YES;
				CLANG_WARN__DUPLICATE_METHOD_MATCH = YES;
				"CODE_SIGN_IDENTITY[sdk=iphoneos*]" = "iPhone Developer";
				COPY_PHASE_STRIP = YES;
				ENABLE_NS_ASSERTIONS = NO;
				ENABLE_STRICT_OBJC_MSGSEND = YES;
				GCC_C_LANGUAGE_STANDARD = gnu99;
				GCC_WARN_64_TO_32_BIT_CONVERSION = YES;
				GCC_WARN_ABOUT_RETURN_TYPE = YES_ERROR;
				GCC_WARN_UNDECLARED_SELECTOR = YES;
				GCC_WARN_UNINITIALIZED_AUTOS = YES_AGGRESSIVE;
				GCC_WARN_UNUSED_FUNCTION = YES;
				GCC_WARN_UNUSED_VARIABLE = YES;
				IPHONEOS_DEPLOYMENT_TARGET = 8.1;
				MTL_ENABLE_DEBUG_INFO = NO;
				SDKROOT = iphoneos;
				VALIDATE_PRODUCT = YES;
			};
			name = Release;
		};
		524DEA791A7B0E27009A2EDC /* Debug */ = {
			isa = XCBuildConfiguration;
			buildSettings = {
				ASSETCATALOG_COMPILER_APPICON_NAME = AppIcon;
				INFOPLIST_FILE = TinyShifts/Info.plist;
				LD_RUNPATH_SEARCH_PATHS = "$(inherited) @executable_path/Frameworks";
				PRODUCT_NAME = "$(TARGET_NAME)";
			};
			name = Debug;
		};
		524DEA7A1A7B0E27009A2EDC /* Release */ = {
			isa = XCBuildConfiguration;
			buildSettings = {
				ASSETCATALOG_COMPILER_APPICON_NAME = AppIcon;
				INFOPLIST_FILE = TinyShifts/Info.plist;
				LD_RUNPATH_SEARCH_PATHS = "$(inherited) @executable_path/Frameworks";
				PRODUCT_NAME = "$(TARGET_NAME)";
			};
			name = Release;
		};
		524DEA7C1A7B0E27009A2EDC /* Debug */ = {
			isa = XCBuildConfiguration;
			buildSettings = {
				BUNDLE_LOADER = "$(TEST_HOST)";
				FRAMEWORK_SEARCH_PATHS = (
					"$(SDKROOT)/Developer/Library/Frameworks",
					"$(inherited)",
				);
				GCC_PREPROCESSOR_DEFINITIONS = (
					"DEBUG=1",
					"$(inherited)",
				);
				INFOPLIST_FILE = TinyShiftsTests/Info.plist;
				LD_RUNPATH_SEARCH_PATHS = "$(inherited) @executable_path/Frameworks @loader_path/Frameworks";
				PRODUCT_NAME = "$(TARGET_NAME)";
				TEST_HOST = "$(BUILT_PRODUCTS_DIR)/TinyShifts.app/TinyShifts";
			};
			name = Debug;
		};
		524DEA7D1A7B0E27009A2EDC /* Release */ = {
			isa = XCBuildConfiguration;
			buildSettings = {
				BUNDLE_LOADER = "$(TEST_HOST)";
				FRAMEWORK_SEARCH_PATHS = (
					"$(SDKROOT)/Developer/Library/Frameworks",
					"$(inherited)",
				);
				INFOPLIST_FILE = TinyShiftsTests/Info.plist;
				LD_RUNPATH_SEARCH_PATHS = "$(inherited) @executable_path/Frameworks @loader_path/Frameworks";
				PRODUCT_NAME = "$(TARGET_NAME)";
				TEST_HOST = "$(BUILT_PRODUCTS_DIR)/TinyShifts.app/TinyShifts";
			};
			name = Release;
		};
/* End XCBuildConfiguration section */

/* Begin XCConfigurationList section */
		524DEA501A7B0E26009A2EDC /* Build configuration list for PBXProject "TinyShifts" */ = {
			isa = XCConfigurationList;
			buildConfigurations = (
				524DEA761A7B0E27009A2EDC /* Debug */,
				524DEA771A7B0E27009A2EDC /* Release */,
			);
			defaultConfigurationIsVisible = 0;
			defaultConfigurationName = Release;
		};
		524DEA781A7B0E27009A2EDC /* Build configuration list for PBXNativeTarget "TinyShifts" */ = {
			isa = XCConfigurationList;
			buildConfigurations = (
				524DEA791A7B0E27009A2EDC /* Debug */,
				524DEA7A1A7B0E27009A2EDC /* Release */,
			);
			defaultConfigurationIsVisible = 0;
			defaultConfigurationName = Release;
		};
		524DEA7B1A7B0E27009A2EDC /* Build configuration list for PBXNativeTarget "TinyShiftsTests" */ = {
			isa = XCConfigurationList;
			buildConfigurations = (
				524DEA7C1A7B0E27009A2EDC /* Debug */,
				524DEA7D1A7B0E27009A2EDC /* Release */,
			);
			defaultConfigurationIsVisible = 0;
			defaultConfigurationName = Release;
		};
/* End XCConfigurationList section */
	};
	rootObject = 524DEA4D1A7B0E26009A2EDC /* Project object */;
}
